// !$*UTF8*$!
{
	archiveVersion = 1;
	classes = {
	};
	objectVersion = 46;
	objects = {

/* Begin PBXBuildFile section */
		6B29B2A91CFBF0F200ECD98C /* ActionViewController.swift in Sources */ = {isa = PBXBuildFile; fileRef = 6B29B2A81CFBF0F200ECD98C /* ActionViewController.swift */; };
		6B29B2AB1CFC0DD200ECD98C /* CustomDismissAnimationController.swift in Sources */ = {isa = PBXBuildFile; fileRef = 6B29B2AA1CFC0DD200ECD98C /* CustomDismissAnimationController.swift */; };
		6B29B2AD1CFC10C100ECD98C /* CustomNavigationAnimationController.swift in Sources */ = {isa = PBXBuildFile; fileRef = 6B29B2AC1CFC10C100ECD98C /* CustomNavigationAnimationController.swift */; };
		6B29B2AF1CFC171800ECD98C /* CustomInteractionController.swift in Sources */ = {isa = PBXBuildFile; fileRef = 6B29B2AE1CFC171800ECD98C /* CustomInteractionController.swift */; };
		6BEFB1081CFBE47E004E806F /* AppDelegate.swift in Sources */ = {isa = PBXBuildFile; fileRef = 6BEFB1071CFBE47E004E806F /* AppDelegate.swift */; };
		6BEFB10A1CFBE47E004E806F /* ViewController.swift in Sources */ = {isa = PBXBuildFile; fileRef = 6BEFB1091CFBE47E004E806F /* ViewController.swift */; };
		6BEFB10D1CFBE47E004E806F /* Main.storyboard in Resources */ = {isa = PBXBuildFile; fileRef = 6BEFB10B1CFBE47E004E806F /* Main.storyboard */; };
		6BEFB10F1CFBE47E004E806F /* Assets.xcassets in Resources */ = {isa = PBXBuildFile; fileRef = 6BEFB10E1CFBE47E004E806F /* Assets.xcassets */; };
		6BEFB1121CFBE47E004E806F /* LaunchScreen.storyboard in Resources */ = {isa = PBXBuildFile; fileRef = 6BEFB1101CFBE47E004E806F /* LaunchScreen.storyboard */; };
		6BEFB11D1CFBE47E004E806F /* VC__Tests.swift in Sources */ = {isa = PBXBuildFile; fileRef = 6BEFB11C1CFBE47E004E806F /* VC__Tests.swift */; };
		6BEFB1291CFBE4F1004E806F /* CustomPresentAnimationController.swift in Sources */ = {isa = PBXBuildFile; fileRef = 6BEFB1281CFBE4F1004E806F /* CustomPresentAnimationController.swift */; };
		6BEFB12B1CFBE963004E806F /* ItemTableViewController.swift in Sources */ = {isa = PBXBuildFile; fileRef = 6BEFB12A1CFBE963004E806F /* ItemTableViewController.swift */; };
/* End PBXBuildFile section */

/* Begin PBXContainerItemProxy section */
		6BEFB1191CFBE47E004E806F /* PBXContainerItemProxy */ = {
			isa = PBXContainerItemProxy;
			containerPortal = 6BEFB0FC1CFBE47D004E806F /* Project object */;
			proxyType = 1;
			remoteGlobalIDString = 6BEFB1031CFBE47D004E806F;
			remoteInfo = "VC跳转";
		};
/* End PBXContainerItemProxy section */

/* Begin PBXFileReference section */
		6B29B2A81CFBF0F200ECD98C /* ActionViewController.swift */ = {isa = PBXFileReference; fileEncoding = 4; lastKnownFileType = sourcecode.swift; name = ActionViewController.swift; path = ../ActionViewController.swift; sourceTree = "<group>"; };
		6B29B2AA1CFC0DD200ECD98C /* CustomDismissAnimationController.swift */ = {isa = PBXFileReference; fileEncoding = 4; lastKnownFileType = sourcecode.swift; path = CustomDismissAnimationController.swift; sourceTree = "<group>"; };
		6B29B2AC1CFC10C100ECD98C /* CustomNavigationAnimationController.swift */ = {isa = PBXFileReference; fileEncoding = 4; lastKnownFileType = sourcecode.swift; path = CustomNavigationAnimationController.swift; sourceTree = "<group>"; };
		6B29B2AE1CFC171800ECD98C /* CustomInteractionController.swift */ = {isa = PBXFileReference; fileEncoding = 4; lastKnownFileType = sourcecode.swift; path = CustomInteractionController.swift; sourceTree = "<group>"; };
		6BEFB1041CFBE47D004E806F /* VC跳转.app */ = {isa = PBXFileReference; explicitFileType = wrapper.application; includeInIndex = 0; path = "VC跳转.app"; sourceTree = BUILT_PRODUCTS_DIR; };
		6BEFB1071CFBE47E004E806F /* AppDelegate.swift */ = {isa = PBXFileReference; lastKnownFileType = sourcecode.swift; path = AppDelegate.swift; sourceTree = "<group>"; };
		6BEFB1091CFBE47E004E806F /* ViewController.swift */ = {isa = PBXFileReference; lastKnownFileType = sourcecode.swift; path = ViewController.swift; sourceTree = "<group>"; };
		6BEFB10C1CFBE47E004E806F /* Base */ = {isa = PBXFileReference; lastKnownFileType = file.storyboard; name = Base; path = Base.lproj/Main.storyboard; sourceTree = "<group>"; };
		6BEFB10E1CFBE47E004E806F /* Assets.xcassets */ = {isa = PBXFileReference; lastKnownFileType = folder.assetcatalog; path = Assets.xcassets; sourceTree = "<group>"; };
		6BEFB1111CFBE47E004E806F /* Base */ = {isa = PBXFileReference; lastKnownFileType = file.storyboard; name = Base; path = Base.lproj/LaunchScreen.storyboard; sourceTree = "<group>"; };
		6BEFB1131CFBE47E004E806F /* Info.plist */ = {isa = PBXFileReference; lastKnownFileType = text.plist.xml; path = Info.plist; sourceTree = "<group>"; };
		6BEFB1181CFBE47E004E806F /* VC跳转Tests.xctest */ = {isa = PBXFileReference; explicitFileType = wrapper.cfbundle; includeInIndex = 0; path = "VC跳转Tests.xctest"; sourceTree = BUILT_PRODUCTS_DIR; };
		6BEFB11C1CFBE47E004E806F /* VC__Tests.swift */ = {isa = PBXFileReference; lastKnownFileType = sourcecode.swift; path = VC__Tests.swift; sourceTree = "<group>"; };
		6BEFB11E1CFBE47E004E806F /* Info.plist */ = {isa = PBXFileReference; lastKnownFileType = text.plist.xml; path = Info.plist; sourceTree = "<group>"; };
		6BEFB1281CFBE4F1004E806F /* CustomPresentAnimationController.swift */ = {isa = PBXFileReference; fileEncoding = 4; lastKnownFileType = sourcecode.swift; path = CustomPresentAnimationController.swift; sourceTree = "<group>"; };
		6BEFB12A1CFBE963004E806F /* ItemTableViewController.swift */ = {isa = PBXFileReference; fileEncoding = 4; lastKnownFileType = sourcecode.swift; path = ItemTableViewController.swift; sourceTree = "<group>"; };
/* End PBXFileReference section */

/* Begin PBXFrameworksBuildPhase section */
		6BEFB1011CFBE47D004E806F /* Frameworks */ = {
			isa = PBXFrameworksBuildPhase;
			buildActionMask = 2147483647;
			files = (
			);
			runOnlyForDeploymentPostprocessing = 0;
		};
		6BEFB1151CFBE47E004E806F /* Frameworks */ = {
			isa = PBXFrameworksBuildPhase;
			buildActionMask = 2147483647;
			files = (
			);
			runOnlyForDeploymentPostprocessing = 0;
		};
/* End PBXFrameworksBuildPhase section */

/* Begin PBXGroup section */
		6BEFB0FB1CFBE47D004E806F = {
			isa = PBXGroup;
			children = (
				6BEFB1061CFBE47E004E806F /* VC跳转 */,
				6BEFB11B1CFBE47E004E806F /* VC跳转Tests */,
				6BEFB1051CFBE47D004E806F /* Products */,
			);
			sourceTree = "<group>";
		};
		6BEFB1051CFBE47D004E806F /* Products */ = {
			isa = PBXGroup;
			children = (
				6BEFB1041CFBE47D004E806F /* VC跳转.app */,
				6BEFB1181CFBE47E004E806F /* VC跳转Tests.xctest */,
			);
			name = Products;
			sourceTree = "<group>";
		};
		6BEFB1061CFBE47E004E806F /* VC跳转 */ = {
			isa = PBXGroup;
			children = (
				6BEFB1271CFBE4E0004E806F /* KL */,
				6BEFB1071CFBE47E004E806F /* AppDelegate.swift */,
				6BEFB12A1CFBE963004E806F /* ItemTableViewController.swift */,
				6BEFB1091CFBE47E004E806F /* ViewController.swift */,
				6B29B2A81CFBF0F200ECD98C /* ActionViewController.swift */,
				6BEFB10B1CFBE47E004E806F /* Main.storyboard */,
				6BEFB10E1CFBE47E004E806F /* Assets.xcassets */,
				6BEFB1101CFBE47E004E806F /* LaunchScreen.storyboard */,
				6BEFB1131CFBE47E004E806F /* Info.plist */,
			);
			path = "VC跳转";
			sourceTree = "<group>";
		};
		6BEFB11B1CFBE47E004E806F /* VC跳转Tests */ = {
			isa = PBXGroup;
			children = (
				6BEFB11C1CFBE47E004E806F /* VC__Tests.swift */,
				6BEFB11E1CFBE47E004E806F /* Info.plist */,
			);
			path = "VC跳转Tests";
			sourceTree = "<group>";
		};
		6BEFB1271CFBE4E0004E806F /* KL */ = {
			isa = PBXGroup;
			children = (
				6BEFB1281CFBE4F1004E806F /* CustomPresentAnimationController.swift */,
				6B29B2AA1CFC0DD200ECD98C /* CustomDismissAnimationController.swift */,
				6B29B2AC1CFC10C100ECD98C /* CustomNavigationAnimationController.swift */,
				6B29B2AE1CFC171800ECD98C /* CustomInteractionController.swift */,
			);
			name = KL;
			sourceTree = "<group>";
		};
/* End PBXGroup section */

/* Begin PBXNativeTarget section */
		6BEFB1031CFBE47D004E806F /* VC跳转 */ = {
			isa = PBXNativeTarget;
			buildConfigurationList = 6BEFB1211CFBE47E004E806F /* Build configuration list for PBXNativeTarget "VC跳转" */;
			buildPhases = (
				6BEFB1001CFBE47D004E806F /* Sources */,
				6BEFB1011CFBE47D004E806F /* Frameworks */,
				6BEFB1021CFBE47D004E806F /* Resources */,
			);
			buildRules = (
			);
			dependencies = (
			);
			name = "VC跳转";
			productName = "VC跳转";
			productReference = 6BEFB1041CFBE47D004E806F /* VC跳转.app */;
			productType = "com.apple.product-type.application";
		};
		6BEFB1171CFBE47E004E806F /* VC跳转Tests */ = {
			isa = PBXNativeTarget;
			buildConfigurationList = 6BEFB1241CFBE47E004E806F /* Build configuration list for PBXNativeTarget "VC跳转Tests" */;
			buildPhases = (
				6BEFB1141CFBE47E004E806F /* Sources */,
				6BEFB1151CFBE47E004E806F /* Frameworks */,
				6BEFB1161CFBE47E004E806F /* Resources */,
			);
			buildRules = (
			);
			dependencies = (
				6BEFB11A1CFBE47E004E806F /* PBXTargetDependency */,
			);
			name = "VC跳转Tests";
			productName = "VC跳转Tests";
			productReference = 6BEFB1181CFBE47E004E806F /* VC跳转Tests.xctest */;
			productType = "com.apple.product-type.bundle.unit-test";
		};
/* End PBXNativeTarget section */

/* Begin PBXProject section */
		6BEFB0FC1CFBE47D004E806F /* Project object */ = {
			isa = PBXProject;
			attributes = {
				LastSwiftUpdateCheck = 0730;
				LastUpgradeCheck = 0730;
				ORGANIZATIONNAME = KellenYangs;
				TargetAttributes = {
					6BEFB1031CFBE47D004E806F = {
						CreatedOnToolsVersion = 7.3.1;
					};
					6BEFB1171CFBE47E004E806F = {
						CreatedOnToolsVersion = 7.3.1;
						TestTargetID = 6BEFB1031CFBE47D004E806F;
					};
				};
			};
			buildConfigurationList = 6BEFB0FF1CFBE47D004E806F /* Build configuration list for PBXProject "VC跳转" */;
			compatibilityVersion = "Xcode 3.2";
			developmentRegion = English;
			hasScannedForEncodings = 0;
			knownRegions = (
				en,
				Base,
			);
			mainGroup = 6BEFB0FB1CFBE47D004E806F;
			productRefGroup = 6BEFB1051CFBE47D004E806F /* Products */;
			projectDirPath = "";
			projectRoot = "";
			targets = (
				6BEFB1031CFBE47D004E806F /* VC跳转 */,
				6BEFB1171CFBE47E004E806F /* VC跳转Tests */,
			);
		};
/* End PBXProject section */

/* Begin PBXResourcesBuildPhase section */
		6BEFB1021CFBE47D004E806F /* Resources */ = {
			isa = PBXResourcesBuildPhase;
			buildActionMask = 2147483647;
			files = (
				6BEFB1121CFBE47E004E806F /* LaunchScreen.storyboard in Resources */,
				6BEFB10F1CFBE47E004E806F /* Assets.xcassets in Resources */,
				6BEFB10D1CFBE47E004E806F /* Main.storyboard in Resources */,
			);
			runOnlyForDeploymentPostprocessing = 0;
		};
		6BEFB1161CFBE47E004E806F /* Resources */ = {
			isa = PBXResourcesBuildPhase;
			buildActionMask = 2147483647;
			files = (
			);
			runOnlyForDeploymentPostprocessing = 0;
		};
/* End PBXResourcesBuildPhase section */

/* Begin PBXSourcesBuildPhase section */
		6BEFB1001CFBE47D004E806F /* Sources */ = {
			isa = PBXSourcesBuildPhase;
			buildActionMask = 2147483647;
			files = (
				6B29B2AB1CFC0DD200ECD98C /* CustomDismissAnimationController.swift in Sources */,
				6B29B2AF1CFC171800ECD98C /* CustomInteractionController.swift in Sources */,
				6B29B2AD1CFC10C100ECD98C /* CustomNavigationAnimationController.swift in Sources */,
				6BEFB1291CFBE4F1004E806F /* CustomPresentAnimationController.swift in Sources */,
				6B29B2A91CFBF0F200ECD98C /* ActionViewController.swift in Sources */,
				6BEFB10A1CFBE47E004E806F /* ViewController.swift in Sources */,
				6BEFB12B1CFBE963004E806F /* ItemTableViewController.swift in Sources */,
				6BEFB1081CFBE47E004E806F /* AppDelegate.swift in Sources */,
			);
			runOnlyForDeploymentPostprocessing = 0;
		};
		6BEFB1141CFBE47E004E806F /* Sources */ = {
			isa = PBXSourcesBuildPhase;
			buildActionMask = 2147483647;
			files = (
				6BEFB11D1CFBE47E004E806F /* VC__Tests.swift in Sources */,
			);
			runOnlyForDeploymentPostprocessing = 0;
		};
/* End PBXSourcesBuildPhase section */

/* Begin PBXTargetDependency section */
		6BEFB11A1CFBE47E004E806F /* PBXTargetDependency */ = {
			isa = PBXTargetDependency;
			target = 6BEFB1031CFBE47D004E806F /* VC跳转 */;
			targetProxy = 6BEFB1191CFBE47E004E806F /* PBXContainerItemProxy */;
		};
/* End PBXTargetDependency section */

/* Begin PBXVariantGroup section */
		6BEFB10B1CFBE47E004E806F /* Main.storyboard */ = {
			isa = PBXVariantGroup;
			children = (
				6BEFB10C1CFBE47E004E806F /* Base */,
			);
			name = Main.storyboard;
			sourceTree = "<group>";
		};
		6BEFB1101CFBE47E004E806F /* LaunchScreen.storyboard */ = {
			isa = PBXVariantGroup;
			children = (
				6BEFB1111CFBE47E004E806F /* Base */,
			);
			name = LaunchScreen.storyboard;
			sourceTree = "<group>";
		};
/* End PBXVariantGroup section */

/* Begin XCBuildConfiguration section */
		6BEFB11F1CFBE47E004E806F /* Debug */ = {
			isa = XCBuildConfiguration;
			buildSettings = {
				ALWAYS_SEARCH_USER_PATHS = NO;
				CLANG_ANALYZER_NONNULL = YES;
				CLANG_CXX_LANGUAGE_STANDARD = "gnu++0x";
				CLANG_CXX_LIBRARY = "libc++";
				CLANG_ENABLE_MODULES = YES;
				CLANG_ENABLE_OBJC_ARC = YES;
				CLANG_WARN_BOOL_CONVERSION = YES;
				CLANG_WARN_CONSTANT_CONVERSION = YES;
				CLANG_WARN_DIRECT_OBJC_ISA_USAGE = YES_ERROR;
				CLANG_WARN_EMPTY_BODY = YES;
				CLANG_WARN_ENUM_CONVERSION = YES;
				CLANG_WARN_INT_CONVERSION = YES;
				CLANG_WARN_OBJC_ROOT_CLASS = YES_ERROR;
				CLANG_WARN_UNREACHABLE_CODE = YES;
				CLANG_WARN__DUPLICATE_METHOD_MATCH = YES;
				"CODE_SIGN_IDENTITY[sdk=iphoneos*]" = "iPhone Developer";
				COPY_PHASE_STRIP = NO;
				DEBUG_INFORMATION_FORMAT = dwarf;
				ENABLE_STRICT_OBJC_MSGSEND = YES;
				ENABLE_TESTABILITY = YES;
				GCC_C_LANGUAGE_STANDARD = gnu99;
				GCC_DYNAMIC_NO_PIC = NO;
				GCC_NO_COMMON_BLOCKS = YES;
				GCC_OPTIMIZATION_LEVEL = 0;
				GCC_PREPROCESSOR_DEFINITIONS = (
					"DEBUG=1",
					"$(inherited)",
				);
				GCC_WARN_64_TO_32_BIT_CONVERSION = YES;
				GCC_WARN_ABOUT_RETURN_TYPE = YES_ERROR;
				GCC_WARN_UNDECLARED_SELECTOR = YES;
				GCC_WARN_UNINITIALIZED_AUTOS = YES_AGGRESSIVE;
				GCC_WARN_UNUSED_FUNCTION = YES;
				GCC_WARN_UNUSED_VARIABLE = YES;
				IPHONEOS_DEPLOYMENT_TARGET = 9.3;
				MTL_ENABLE_DEBUG_INFO = YES;
				ONLY_ACTIVE_ARCH = YES;
				SDKROOT = iphoneos;
				SWIFT_OPTIMIZATION_LEVEL = "-Onone";
			};
			name = Debug;
		};
		6BEFB1201CFBE47E004E806F /* Release */ = {
			isa = XCBuildConfiguration;
			buildSettings = {
				ALWAYS_SEARCH_USER_PATHS = NO;
				CLANG_ANALYZER_NONNULL = YES;
				CLANG_CXX_LANGUAGE_STANDARD = "gnu++0x";
				CLANG_CXX_LIBRARY = "libc++";
				CLANG_ENABLE_MODULES = YES;
				CLANG_ENABLE_OBJC_ARC = YES;
				CLANG_WARN_BOOL_CONVERSION = YES;
				CLANG_WARN_CONSTANT_CONVERSION = YES;
				CLANG_WARN_DIRECT_OBJC_ISA_USAGE = YES_ERROR;
				CLANG_WARN_EMPTY_BODY = YES;
				CLANG_WARN_ENUM_CONVERSION = YES;
				CLANG_WARN_INT_CONVERSION = YES;
				CLANG_WARN_OBJC_ROOT_CLASS = YES_ERROR;
				CLANG_WARN_UNREACHABLE_CODE = YES;
				CLANG_WARN__DUPLICATE_METHOD_MATCH = YES;
				"CODE_SIGN_IDENTITY[sdk=iphoneos*]" = "iPhone Developer";
				COPY_PHASE_STRIP = NO;
				DEBUG_INFORMATION_FORMAT = "dwarf-with-dsym";
				ENABLE_NS_ASSERTIONS = NO;
				ENABLE_STRICT_OBJC_MSGSEND = YES;
				GCC_C_LANGUAGE_STANDARD = gnu99;
				GCC_NO_COMMON_BLOCKS = YES;
				GCC_WARN_64_TO_32_BIT_CONVERSION = YES;
				GCC_WARN_ABOUT_RETURN_TYPE = YES_ERROR;
				GCC_WARN_UNDECLARED_SELECTOR = YES;
				GCC_WARN_UNINITIALIZED_AUTOS = YES_AGGRESSIVE;
				GCC_WARN_UNUSED_FUNCTION = YES;
				GCC_WARN_UNUSED_VARIABLE = YES;
				IPHONEOS_DEPLOYMENT_TARGET = 9.3;
				MTL_ENABLE_DEBUG_INFO = NO;
				SDKROOT = iphoneos;
				VALIDATE_PRODUCT = YES;
			};
			name = Release;
		};
		6BEFB1221CFBE47E004E806F /* Debug */ = {
			isa = XCBuildConfiguration;
			buildSettings = {
				ASSETCATALOG_COMPILER_APPICON_NAME = AppIcon;
				INFOPLIST_FILE = "VC跳转/Info.plist";
				LD_RUNPATH_SEARCH_PATHS = "$(inherited) @executable_path/Frameworks";
				PRODUCT_BUNDLE_IDENTIFIER = "KellenYangs.VC--";
				PRODUCT_NAME = "$(TARGET_NAME)";
			};
			name = Debug;
		};
		6BEFB1231CFBE47E004E806F /* Release */ = {
			isa = XCBuildConfiguration;
			buildSettings = {
				ASSETCATALOG_COMPILER_APPICON_NAME = AppIcon;
				INFOPLIST_FILE = "VC跳转/Info.plist";
				LD_RUNPATH_SEARCH_PATHS = "$(inherited) @executable_path/Frameworks";
				PRODUCT_BUNDLE_IDENTIFIER = "KellenYangs.VC--";
				PRODUCT_NAME = "$(TARGET_NAME)";
			};
			name = Release;
		};
		6BEFB1251CFBE47E004E806F /* Debug */ = {
			isa = XCBuildConfiguration;
			buildSettings = {
				BUNDLE_LOADER = "$(TEST_HOST)";
				INFOPLIST_FILE = "VC跳转Tests/Info.plist";
				LD_RUNPATH_SEARCH_PATHS = "$(inherited) @executable_path/Frameworks @loader_path/Frameworks";
				PRODUCT_BUNDLE_IDENTIFIER = "KellenYangs.VC--Tests";
				PRODUCT_NAME = "$(TARGET_NAME)";
				TEST_HOST = "$(BUILT_PRODUCTS_DIR)/VC跳转.app/VC跳转";
			};
			name = Debug;
		};
		6BEFB1261CFBE47E004E806F /* Release */ = {
			isa = XCBuildConfiguration;
			buildSettings = {
				BUNDLE_LOADER = "$(TEST_HOST)";
				INFOPLIST_FILE = "VC跳转Tests/Info.plist";
				LD_RUNPATH_SEARCH_PATHS = "$(inherited) @executable_path/Frameworks @loader_path/Frameworks";
				PRODUCT_BUNDLE_IDENTIFIER = "KellenYangs.VC--Tests";
				PRODUCT_NAME = "$(TARGET_NAME)";
				TEST_HOST = "$(BUILT_PRODUCTS_DIR)/VC跳转.app/VC跳转";
			};
			name = Release;
		};
/* End XCBuildConfiguration section */

/* Begin XCConfigurationList section */
		6BEFB0FF1CFBE47D004E806F /* Build configuration list for PBXProject "VC跳转" */ = {
			isa = XCConfigurationList;
			buildConfigurations = (
				6BEFB11F1CFBE47E004E806F /* Debug */,
				6BEFB1201CFBE47E004E806F /* Release */,
			);
			defaultConfigurationIsVisible = 0;
			defaultConfigurationName = Release;
		};
		6BEFB1211CFBE47E004E806F /* Build configuration list for PBXNativeTarget "VC跳转" */ = {
			isa = XCConfigurationList;
			buildConfigurations = (
				6BEFB1221CFBE47E004E806F /* Debug */,
				6BEFB1231CFBE47E004E806F /* Release */,
			);
			defaultConfigurationIsVisible = 0;
			defaultConfigurationName = Release;
		};
		6BEFB1241CFBE47E004E806F /* Build configuration list for PBXNativeTarget "VC跳转Tests" */ = {
			isa = XCConfigurationList;
			buildConfigurations = (
				6BEFB1251CFBE47E004E806F /* Debug */,
				6BEFB1261CFBE47E004E806F /* Release */,
			);
			defaultConfigurationIsVisible = 0;
			defaultConfigurationName = Release;
		};
/* End XCConfigurationList section */
	};
	rootObject = 6BEFB0FC1CFBE47D004E806F /* Project object */;
}
