// !$*UTF8*$!
{
	archiveVersion = 1;
	classes = {
	};
	objectVersion = 46;
	objects = {

/* Begin PBXBuildFile section */
		6BA6B9171D48A16200A70933 /* AppDelegate.swift in Sources */ = {isa = PBXBuildFile; fileRef = 6BA6B9161D48A16200A70933 /* AppDelegate.swift */; };
		6BA6B91C1D48A16200A70933 /* Main.storyboard in Resources */ = {isa = PBXBuildFile; fileRef = 6BA6B91A1D48A16200A70933 /* Main.storyboard */; };
		6BA6B91E1D48A16200A70933 /* Assets.xcassets in Resources */ = {isa = PBXBuildFile; fileRef = 6BA6B91D1D48A16200A70933 /* Assets.xcassets */; };
		6BA6B9211D48A16200A70933 /* LaunchScreen.storyboard in Resources */ = {isa = PBXBuildFile; fileRef = 6BA6B91F1D48A16200A70933 /* LaunchScreen.storyboard */; };
		6BA6B92C1D48A16200A70933 /* _2_SlideMenuTests.swift in Sources */ = {isa = PBXBuildFile; fileRef = 6BA6B92B1D48A16200A70933 /* _2_SlideMenuTests.swift */; };
		6BA6B9371D48A4AE00A70933 /* NewsTableViewController.swift in Sources */ = {isa = PBXBuildFile; fileRef = 6BA6B9361D48A4AE00A70933 /* NewsTableViewController.swift */; };
		6BA6B9391D48A4B500A70933 /* MenuTableViewController.swift in Sources */ = {isa = PBXBuildFile; fileRef = 6BA6B9381D48A4B500A70933 /* MenuTableViewController.swift */; };
		6BA6B93B1D48A4C400A70933 /* NewsTableViewCell.swift in Sources */ = {isa = PBXBuildFile; fileRef = 6BA6B93A1D48A4C400A70933 /* NewsTableViewCell.swift */; };
		6BA6B93D1D48A4CB00A70933 /* MenuTableViewCell.swift in Sources */ = {isa = PBXBuildFile; fileRef = 6BA6B93C1D48A4CB00A70933 /* MenuTableViewCell.swift */; };
		6BA6B93F1D48A4E700A70933 /* MenuTransitionManager.swift in Sources */ = {isa = PBXBuildFile; fileRef = 6BA6B93E1D48A4E700A70933 /* MenuTransitionManager.swift */; };
/* End PBXBuildFile section */

/* Begin PBXContainerItemProxy section */
		6BA6B9281D48A16200A70933 /* PBXContainerItemProxy */ = {
			isa = PBXContainerItemProxy;
			containerPortal = 6BA6B90B1D48A16200A70933 /* Project object */;
			proxyType = 1;
			remoteGlobalIDString = 6BA6B9121D48A16200A70933;
			remoteInfo = "12-SlideMenu";
		};
/* End PBXContainerItemProxy section */

/* Begin PBXFileReference section */
		6BA6B9131D48A16200A70933 /* 12-SlideMenu.app */ = {isa = PBXFileReference; explicitFileType = wrapper.application; includeInIndex = 0; path = "12-SlideMenu.app"; sourceTree = BUILT_PRODUCTS_DIR; };
		6BA6B9161D48A16200A70933 /* AppDelegate.swift */ = {isa = PBXFileReference; lastKnownFileType = sourcecode.swift; path = AppDelegate.swift; sourceTree = "<group>"; };
		6BA6B91B1D48A16200A70933 /* Base */ = {isa = PBXFileReference; lastKnownFileType = file.storyboard; name = Base; path = Base.lproj/Main.storyboard; sourceTree = "<group>"; };
		6BA6B91D1D48A16200A70933 /* Assets.xcassets */ = {isa = PBXFileReference; lastKnownFileType = folder.assetcatalog; path = Assets.xcassets; sourceTree = "<group>"; };
		6BA6B9201D48A16200A70933 /* Base */ = {isa = PBXFileReference; lastKnownFileType = file.storyboard; name = Base; path = Base.lproj/LaunchScreen.storyboard; sourceTree = "<group>"; };
		6BA6B9221D48A16200A70933 /* Info.plist */ = {isa = PBXFileReference; lastKnownFileType = text.plist.xml; path = Info.plist; sourceTree = "<group>"; };
		6BA6B9271D48A16200A70933 /* 12-SlideMenuTests.xctest */ = {isa = PBXFileReference; explicitFileType = wrapper.cfbundle; includeInIndex = 0; path = "12-SlideMenuTests.xctest"; sourceTree = BUILT_PRODUCTS_DIR; };
		6BA6B92B1D48A16200A70933 /* _2_SlideMenuTests.swift */ = {isa = PBXFileReference; lastKnownFileType = sourcecode.swift; path = _2_SlideMenuTests.swift; sourceTree = "<group>"; };
		6BA6B92D1D48A16200A70933 /* Info.plist */ = {isa = PBXFileReference; lastKnownFileType = text.plist.xml; path = Info.plist; sourceTree = "<group>"; };
		6BA6B9361D48A4AE00A70933 /* NewsTableViewController.swift */ = {isa = PBXFileReference; fileEncoding = 4; lastKnownFileType = sourcecode.swift; path = NewsTableViewController.swift; sourceTree = "<group>"; };
		6BA6B9381D48A4B500A70933 /* MenuTableViewController.swift */ = {isa = PBXFileReference; fileEncoding = 4; lastKnownFileType = sourcecode.swift; path = MenuTableViewController.swift; sourceTree = "<group>"; };
		6BA6B93A1D48A4C400A70933 /* NewsTableViewCell.swift */ = {isa = PBXFileReference; fileEncoding = 4; lastKnownFileType = sourcecode.swift; path = NewsTableViewCell.swift; sourceTree = "<group>"; };
		6BA6B93C1D48A4CB00A70933 /* MenuTableViewCell.swift */ = {isa = PBXFileReference; fileEncoding = 4; lastKnownFileType = sourcecode.swift; path = MenuTableViewCell.swift; sourceTree = "<group>"; };
		6BA6B93E1D48A4E700A70933 /* MenuTransitionManager.swift */ = {isa = PBXFileReference; fileEncoding = 4; lastKnownFileType = sourcecode.swift; path = MenuTransitionManager.swift; sourceTree = "<group>"; };
/* End PBXFileReference section */

/* Begin PBXFrameworksBuildPhase section */
		6BA6B9101D48A16200A70933 /* Frameworks */ = {
			isa = PBXFrameworksBuildPhase;
			buildActionMask = 2147483647;
			files = (
			);
			runOnlyForDeploymentPostprocessing = 0;
		};
		6BA6B9241D48A16200A70933 /* Frameworks */ = {
			isa = PBXFrameworksBuildPhase;
			buildActionMask = 2147483647;
			files = (
			);
			runOnlyForDeploymentPostprocessing = 0;
		};
/* End PBXFrameworksBuildPhase section */

/* Begin PBXGroup section */
		6BA6B90A1D48A16200A70933 = {
			isa = PBXGroup;
			children = (
				6BA6B9151D48A16200A70933 /* 12-SlideMenu */,
				6BA6B92A1D48A16200A70933 /* 12-SlideMenuTests */,
				6BA6B9141D48A16200A70933 /* Products */,
			);
			sourceTree = "<group>";
		};
		6BA6B9141D48A16200A70933 /* Products */ = {
			isa = PBXGroup;
			children = (
				6BA6B9131D48A16200A70933 /* 12-SlideMenu.app */,
				6BA6B9271D48A16200A70933 /* 12-SlideMenuTests.xctest */,
			);
			name = Products;
			sourceTree = "<group>";
		};
		6BA6B9151D48A16200A70933 /* 12-SlideMenu */ = {
			isa = PBXGroup;
			children = (
				6BA6B9161D48A16200A70933 /* AppDelegate.swift */,
				6BA6B91A1D48A16200A70933 /* Main.storyboard */,
				6BA6B91D1D48A16200A70933 /* Assets.xcassets */,
				6BA6B91F1D48A16200A70933 /* LaunchScreen.storyboard */,
				6BA6B9221D48A16200A70933 /* Info.plist */,
				6BA6B9361D48A4AE00A70933 /* NewsTableViewController.swift */,
				6BA6B93A1D48A4C400A70933 /* NewsTableViewCell.swift */,
				6BA6B9381D48A4B500A70933 /* MenuTableViewController.swift */,
				6BA6B93C1D48A4CB00A70933 /* MenuTableViewCell.swift */,
				6BA6B93E1D48A4E700A70933 /* MenuTransitionManager.swift */,
			);
			path = "12-SlideMenu";
			sourceTree = "<group>";
		};
		6BA6B92A1D48A16200A70933 /* 12-SlideMenuTests */ = {
			isa = PBXGroup;
			children = (
				6BA6B92B1D48A16200A70933 /* _2_SlideMenuTests.swift */,
				6BA6B92D1D48A16200A70933 /* Info.plist */,
			);
			path = "12-SlideMenuTests";
			sourceTree = "<group>";
		};
/* End PBXGroup section */

/* Begin PBXNativeTarget section */
		6BA6B9121D48A16200A70933 /* 12-SlideMenu */ = {
			isa = PBXNativeTarget;
			buildConfigurationList = 6BA6B9301D48A16200A70933 /* Build configuration list for PBXNativeTarget "12-SlideMenu" */;
			buildPhases = (
				6BA6B90F1D48A16200A70933 /* Sources */,
				6BA6B9101D48A16200A70933 /* Frameworks */,
				6BA6B9111D48A16200A70933 /* Resources */,
			);
			buildRules = (
			);
			dependencies = (
			);
			name = "12-SlideMenu";
			productName = "12-SlideMenu";
			productReference = 6BA6B9131D48A16200A70933 /* 12-SlideMenu.app */;
			productType = "com.apple.product-type.application";
		};
		6BA6B9261D48A16200A70933 /* 12-SlideMenuTests */ = {
			isa = PBXNativeTarget;
			buildConfigurationList = 6BA6B9331D48A16200A70933 /* Build configuration list for PBXNativeTarget "12-SlideMenuTests" */;
			buildPhases = (
				6BA6B9231D48A16200A70933 /* Sources */,
				6BA6B9241D48A16200A70933 /* Frameworks */,
				6BA6B9251D48A16200A70933 /* Resources */,
			);
			buildRules = (
			);
			dependencies = (
				6BA6B9291D48A16200A70933 /* PBXTargetDependency */,
			);
			name = "12-SlideMenuTests";
			productName = "12-SlideMenuTests";
			productReference = 6BA6B9271D48A16200A70933 /* 12-SlideMenuTests.xctest */;
			productType = "com.apple.product-type.bundle.unit-test";
		};
/* End PBXNativeTarget section */

/* Begin PBXProject section */
		6BA6B90B1D48A16200A70933 /* Project object */ = {
			isa = PBXProject;
			attributes = {
				LastSwiftUpdateCheck = 0730;
				LastUpgradeCheck = 0730;
				ORGANIZATIONNAME = KellenYangs;
				TargetAttributes = {
					6BA6B9121D48A16200A70933 = {
						CreatedOnToolsVersion = 7.3.1;
					};
					6BA6B9261D48A16200A70933 = {
						CreatedOnToolsVersion = 7.3.1;
						TestTargetID = 6BA6B9121D48A16200A70933;
					};
				};
			};
			buildConfigurationList = 6BA6B90E1D48A16200A70933 /* Build configuration list for PBXProject "12-SlideMenu" */;
			compatibilityVersion = "Xcode 3.2";
			developmentRegion = English;
			hasScannedForEncodings = 0;
			knownRegions = (
				en,
				Base,
			);
			mainGroup = 6BA6B90A1D48A16200A70933;
			productRefGroup = 6BA6B9141D48A16200A70933 /* Products */;
			projectDirPath = "";
			projectRoot = "";
			targets = (
				6BA6B9121D48A16200A70933 /* 12-SlideMenu */,
				6BA6B9261D48A16200A70933 /* 12-SlideMenuTests */,
			);
		};
/* End PBXProject section */

/* Begin PBXResourcesBuildPhase section */
		6BA6B9111D48A16200A70933 /* Resources */ = {
			isa = PBXResourcesBuildPhase;
			buildActionMask = 2147483647;
			files = (
				6BA6B9211D48A16200A70933 /* LaunchScreen.storyboard in Resources */,
				6BA6B91E1D48A16200A70933 /* Assets.xcassets in Resources */,
				6BA6B91C1D48A16200A70933 /* Main.storyboard in Resources */,
			);
			runOnlyForDeploymentPostprocessing = 0;
		};
		6BA6B9251D48A16200A70933 /* Resources */ = {
			isa = PBXResourcesBuildPhase;
			buildActionMask = 2147483647;
			files = (
			);
			runOnlyForDeploymentPostprocessing = 0;
		};
/* End PBXResourcesBuildPhase section */

/* Begin PBXSourcesBuildPhase section */
		6BA6B90F1D48A16200A70933 /* Sources */ = {
			isa = PBXSourcesBuildPhase;
			buildActionMask = 2147483647;
			files = (
				6BA6B9371D48A4AE00A70933 /* NewsTableViewController.swift in Sources */,
				6BA6B93F1D48A4E700A70933 /* MenuTransitionManager.swift in Sources */,
				6BA6B9171D48A16200A70933 /* AppDelegate.swift in Sources */,
				6BA6B93B1D48A4C400A70933 /* NewsTableViewCell.swift in Sources */,
				6BA6B9391D48A4B500A70933 /* MenuTableViewController.swift in Sources */,
				6BA6B93D1D48A4CB00A70933 /* MenuTableViewCell.swift in Sources */,
			);
			runOnlyForDeploymentPostprocessing = 0;
		};
		6BA6B9231D48A16200A70933 /* Sources */ = {
			isa = PBXSourcesBuildPhase;
			buildActionMask = 2147483647;
			files = (
				6BA6B92C1D48A16200A70933 /* _2_SlideMenuTests.swift in Sources */,
			);
			runOnlyForDeploymentPostprocessing = 0;
		};
/* End PBXSourcesBuildPhase section */

/* Begin PBXTargetDependency section */
		6BA6B9291D48A16200A70933 /* PBXTargetDependency */ = {
			isa = PBXTargetDependency;
			target = 6BA6B9121D48A16200A70933 /* 12-SlideMenu */;
			targetProxy = 6BA6B9281D48A16200A70933 /* PBXContainerItemProxy */;
		};
/* End PBXTargetDependency section */

/* Begin PBXVariantGroup section */
		6BA6B91A1D48A16200A70933 /* Main.storyboard */ = {
			isa = PBXVariantGroup;
			children = (
				6BA6B91B1D48A16200A70933 /* Base */,
			);
			name = Main.storyboard;
			sourceTree = "<group>";
		};
		6BA6B91F1D48A16200A70933 /* LaunchScreen.storyboard */ = {
			isa = PBXVariantGroup;
			children = (
				6BA6B9201D48A16200A70933 /* Base */,
			);
			name = LaunchScreen.storyboard;
			sourceTree = "<group>";
		};
/* End PBXVariantGroup section */

/* Begin XCBuildConfiguration section */
		6BA6B92E1D48A16200A70933 /* Debug */ = {
			isa = XCBuildConfiguration;
			buildSettings = {
				ALWAYS_SEARCH_USER_PATHS = NO;
				CLANG_ANALYZER_NONNULL = YES;
				CLANG_CXX_LANGUAGE_STANDARD = "gnu++0x";
				CLANG_CXX_LIBRARY = "libc++";
				CLANG_ENABLE_MODULES = YES;
				CLANG_ENABLE_OBJC_ARC = YES;
				CLANG_WARN_BOOL_CONVERSION = YES;
				CLANG_WARN_CONSTANT_CONVERSION = YES;
				CLANG_WARN_DIRECT_OBJC_ISA_USAGE = YES_ERROR;
				CLANG_WARN_EMPTY_BODY = YES;
				CLANG_WARN_ENUM_CONVERSION = YES;
				CLANG_WARN_INT_CONVERSION = YES;
				CLANG_WARN_OBJC_ROOT_CLASS = YES_ERROR;
				CLANG_WARN_UNREACHABLE_CODE = YES;
				CLANG_WARN__DUPLICATE_METHOD_MATCH = YES;
				"CODE_SIGN_IDENTITY[sdk=iphoneos*]" = "iPhone Developer";
				COPY_PHASE_STRIP = NO;
				DEBUG_INFORMATION_FORMAT = dwarf;
				ENABLE_STRICT_OBJC_MSGSEND = YES;
				ENABLE_TESTABILITY = YES;
				GCC_C_LANGUAGE_STANDARD = gnu99;
				GCC_DYNAMIC_NO_PIC = NO;
				GCC_NO_COMMON_BLOCKS = YES;
				GCC_OPTIMIZATION_LEVEL = 0;
				GCC_PREPROCESSOR_DEFINITIONS = (
					"DEBUG=1",
					"$(inherited)",
				);
				GCC_WARN_64_TO_32_BIT_CONVERSION = YES;
				GCC_WARN_ABOUT_RETURN_TYPE = YES_ERROR;
				GCC_WARN_UNDECLARED_SELECTOR = YES;
				GCC_WARN_UNINITIALIZED_AUTOS = YES_AGGRESSIVE;
				GCC_WARN_UNUSED_FUNCTION = YES;
				GCC_WARN_UNUSED_VARIABLE = YES;
				IPHONEOS_DEPLOYMENT_TARGET = 9.3;
				MTL_ENABLE_DEBUG_INFO = YES;
				ONLY_ACTIVE_ARCH = YES;
				SDKROOT = iphoneos;
				SWIFT_OPTIMIZATION_LEVEL = "-Onone";
			};
			name = Debug;
		};
		6BA6B92F1D48A16200A70933 /* Release */ = {
			isa = XCBuildConfiguration;
			buildSettings = {
				ALWAYS_SEARCH_USER_PATHS = NO;
				CLANG_ANALYZER_NONNULL = YES;
				CLANG_CXX_LANGUAGE_STANDARD = "gnu++0x";
				CLANG_CXX_LIBRARY = "libc++";
				CLANG_ENABLE_MODULES = YES;
				CLANG_ENABLE_OBJC_ARC = YES;
				CLANG_WARN_BOOL_CONVERSION = YES;
				CLANG_WARN_CONSTANT_CONVERSION = YES;
				CLANG_WARN_DIRECT_OBJC_ISA_USAGE = YES_ERROR;
				CLANG_WARN_EMPTY_BODY = YES;
				CLANG_WARN_ENUM_CONVERSION = YES;
				CLANG_WARN_INT_CONVERSION = YES;
				CLANG_WARN_OBJC_ROOT_CLASS = YES_ERROR;
				CLANG_WARN_UNREACHABLE_CODE = YES;
				CLANG_WARN__DUPLICATE_METHOD_MATCH = YES;
				"CODE_SIGN_IDENTITY[sdk=iphoneos*]" = "iPhone Developer";
				COPY_PHASE_STRIP = NO;
				DEBUG_INFORMATION_FORMAT = "dwarf-with-dsym";
				ENABLE_NS_ASSERTIONS = NO;
				ENABLE_STRICT_OBJC_MSGSEND = YES;
				GCC_C_LANGUAGE_STANDARD = gnu99;
				GCC_NO_COMMON_BLOCKS = YES;
				GCC_WARN_64_TO_32_BIT_CONVERSION = YES;
				GCC_WARN_ABOUT_RETURN_TYPE = YES_ERROR;
				GCC_WARN_UNDECLARED_SELECTOR = YES;
				GCC_WARN_UNINITIALIZED_AUTOS = YES_AGGRESSIVE;
				GCC_WARN_UNUSED_FUNCTION = YES;
				GCC_WARN_UNUSED_VARIABLE = YES;
				IPHONEOS_DEPLOYMENT_TARGET = 9.3;
				MTL_ENABLE_DEBUG_INFO = NO;
				SDKROOT = iphoneos;
				VALIDATE_PRODUCT = YES;
			};
			name = Release;
		};
		6BA6B9311D48A16200A70933 /* Debug */ = {
			isa = XCBuildConfiguration;
			buildSettings = {
				ASSETCATALOG_COMPILER_APPICON_NAME = AppIcon;
				INFOPLIST_FILE = "12-SlideMenu/Info.plist";
				LD_RUNPATH_SEARCH_PATHS = "$(inherited) @executable_path/Frameworks";
				PRODUCT_BUNDLE_IDENTIFIER = "KellenYangs.-2-SlideMenu";
				PRODUCT_NAME = "$(TARGET_NAME)";
			};
			name = Debug;
		};
		6BA6B9321D48A16200A70933 /* Release */ = {
			isa = XCBuildConfiguration;
			buildSettings = {
				ASSETCATALOG_COMPILER_APPICON_NAME = AppIcon;
				INFOPLIST_FILE = "12-SlideMenu/Info.plist";
				LD_RUNPATH_SEARCH_PATHS = "$(inherited) @executable_path/Frameworks";
				PRODUCT_BUNDLE_IDENTIFIER = "KellenYangs.-2-SlideMenu";
				PRODUCT_NAME = "$(TARGET_NAME)";
			};
			name = Release;
		};
		6BA6B9341D48A16200A70933 /* Debug */ = {
			isa = XCBuildConfiguration;
			buildSettings = {
				BUNDLE_LOADER = "$(TEST_HOST)";
				INFOPLIST_FILE = "12-SlideMenuTests/Info.plist";
				LD_RUNPATH_SEARCH_PATHS = "$(inherited) @executable_path/Frameworks @loader_path/Frameworks";
				PRODUCT_BUNDLE_IDENTIFIER = "KellenYangs.-2-SlideMenuTests";
				PRODUCT_NAME = "$(TARGET_NAME)";
				TEST_HOST = "$(BUILT_PRODUCTS_DIR)/12-SlideMenu.app/12-SlideMenu";
			};
			name = Debug;
		};
		6BA6B9351D48A16200A70933 /* Release */ = {
			isa = XCBuildConfiguration;
			buildSettings = {
				BUNDLE_LOADER = "$(TEST_HOST)";
				INFOPLIST_FILE = "12-SlideMenuTests/Info.plist";
				LD_RUNPATH_SEARCH_PATHS = "$(inherited) @executable_path/Frameworks @loader_path/Frameworks";
				PRODUCT_BUNDLE_IDENTIFIER = "KellenYangs.-2-SlideMenuTests";
				PRODUCT_NAME = "$(TARGET_NAME)";
				TEST_HOST = "$(BUILT_PRODUCTS_DIR)/12-SlideMenu.app/12-SlideMenu";
			};
			name = Release;
		};
/* End XCBuildConfiguration section */

/* Begin XCConfigurationList section */
		6BA6B90E1D48A16200A70933 /* Build configuration list for PBXProject "12-SlideMenu" */ = {
			isa = XCConfigurationList;
			buildConfigurations = (
				6BA6B92E1D48A16200A70933 /* Debug */,
				6BA6B92F1D48A16200A70933 /* Release */,
			);
			defaultConfigurationIsVisible = 0;
			defaultConfigurationName = Release;
		};
		6BA6B9301D48A16200A70933 /* Build configuration list for PBXNativeTarget "12-SlideMenu" */ = {
			isa = XCConfigurationList;
			buildConfigurations = (
				6BA6B9311D48A16200A70933 /* Debug */,
				6BA6B9321D48A16200A70933 /* Release */,
			);
			defaultConfigurationIsVisible = 0;
		};
		6BA6B9331D48A16200A70933 /* Build configuration list for PBXNativeTarget "12-SlideMenuTests" */ = {
			isa = XCConfigurationList;
			buildConfigurations = (
				6BA6B9341D48A16200A70933 /* Debug */,
				6BA6B9351D48A16200A70933 /* Release */,
			);
			defaultConfigurationIsVisible = 0;
		};
/* End XCConfigurationList section */
	};
	rootObject = 6BA6B90B1D48A16200A70933 /* Project object */;
}
